
Microsoft Visual Studio Solution File, Format Version 12.00
# Visual Studio 15
VisualStudioVersion = 15.0.27130.2024
MinimumVisualStudioVersion = 10.0.40219.1
Project("{FAE04EC0-301F-11D3-BF4B-00C04F79EFBC}") = "Kacenka", "Kacenka\Kacenka.csproj", "{C6AFB820-CF49-44F7-8EE8-1A4763138459}"
EndProject
Project("{54435603-DBB4-11D2-8724-00A0C9A8B90C}") = "Setup", "Setup\Setup.vdproj", "{858879F2-90AD-478F-8AD0-F54708DABAD3}"
EndProject
Global
	GlobalSection(SolutionConfigurationPlatforms) = preSolution
		Debug|Any CPU = Debug|Any CPU
		Release|Any CPU = Release|Any CPU
	EndGlobalSection
	GlobalSection(ProjectConfigurationPlatforms) = postSolution
		{C6AFB820-CF49-44F7-8EE8-1A4763138459}.Debug|Any CPU.ActiveCfg = Debug|Any CPU
		{C6AFB820-CF49-44F7-8EE8-1A4763138459}.Debug|Any CPU.Build.0 = Debug|Any CPU
		{C6AFB820-CF49-44F7-8EE8-1A4763138459}.Release|Any CPU.ActiveCfg = Release|Any CPU
		{C6AFB820-CF49-44F7-8EE8-1A4763138459}.Release|Any CPU.Build.0 = Release|Any CPU
		{858879F2-90AD-478F-8AD0-F54708DABAD3}.Debug|Any CPU.ActiveCfg = Debug
		{858879F2-90AD-478F-8AD0-F54708DABAD3}.Release|Any CPU.ActiveCfg = Release
	EndGlobalSection
	GlobalSection(SolutionProperties) = preSolution
		HideSolutionNode = FALSE
	EndGlobalSection
	GlobalSection(ExtensibilityGlobals) = postSolution
		SolutionGuid = {F2C939A7-5C36-4003-81C5-9C44CF6D8CB0}
	EndGlobalSection
EndGlobal
